
Microsoft Visual Studio Solution File, Format Version 12.00
# Visual Studio Version 17
VisualStudioVersion = 17.3.32929.385
MinimumVisualStudioVersion = 10.0.40219.1
Project("{FAE04EC0-301F-11D3-BF4B-00C04F79EFBC}") = "Практическая6", "Практическая6\Практическая6.csproj", "{66C31301-CCA9-4C1E-98C4-3363CBA79962}"
EndProject
Global
	GlobalSection(SolutionConfigurationPlatforms) = preSolution
		Debug|Any CPU = Debug|Any CPU
		Release|Any CPU = Release|Any CPU
	EndGlobalSection
	GlobalSection(ProjectConfigurationPlatforms) = postSolution
		{66C31301-CCA9-4C1E-98C4-3363CBA79962}.Debug|Any CPU.ActiveCfg = Debug|Any CPU
		{66C31301-CCA9-4C1E-98C4-3363CBA79962}.Debug|Any CPU.Build.0 = Debug|Any CPU
		{66C31301-CCA9-4C1E-98C4-3363CBA79962}.Release|Any CPU.ActiveCfg = Release|Any CPU
		{66C31301-CCA9-4C1E-98C4-3363CBA79962}.Release|Any CPU.Build.0 = Release|Any CPU
	EndGlobalSection
	GlobalSection(SolutionProperties) = preSolution
		HideSolutionNode = FALSE
	EndGlobalSection
	GlobalSection(ExtensibilityGlobals) = postSolution
		SolutionGuid = {7420A0C3-DC0A-4ACF-88CE-F7EC4E7788E9}
	EndGlobalSection
EndGlobal
